// !$*UTF8*$!
{
	archiveVersion = 1;
	classes = {
	};
	objectVersion = 46;
	objects = {

/* Begin PBXBuildFile section */
		E92A88C51CB60B98003BB46A /* AppDelegate.swift in Sources */ = {isa = PBXBuildFile; fileRef = E92A88C41CB60B98003BB46A /* AppDelegate.swift */; };
		E92A88C71CB60B98003BB46A /* ViewController.swift in Sources */ = {isa = PBXBuildFile; fileRef = E92A88C61CB60B98003BB46A /* ViewController.swift */; };
		E92A88CA1CB60B98003BB46A /* Main.storyboard in Resources */ = {isa = PBXBuildFile; fileRef = E92A88C81CB60B98003BB46A /* Main.storyboard */; };
		E92A88CC1CB60B98003BB46A /* Assets.xcassets in Resources */ = {isa = PBXBuildFile; fileRef = E92A88CB1CB60B98003BB46A /* Assets.xcassets */; };
		E92A88CF1CB60B98003BB46A /* LaunchScreen.storyboard in Resources */ = {isa = PBXBuildFile; fileRef = E92A88CD1CB60B98003BB46A /* LaunchScreen.storyboard */; };
		E92A88DB1CB68723003BB46A /* Carriage.swift in Sources */ = {isa = PBXBuildFile; fileRef = E92A88DA1CB68723003BB46A /* Carriage.swift */; };
		E94E24D31CBBED91004E0B39 /* Default-Portrait.png in Resources */ = {isa = PBXBuildFile; fileRef = E94E24C81CBBED91004E0B39 /* Default-Portrait.png */; };
		E94E24D41CBBED91004E0B39 /* Default-Portrait@2x.png in Resources */ = {isa = PBXBuildFile; fileRef = E94E24C91CBBED91004E0B39 /* Default-Portrait@2x.png */; };
		E9BD63EB1CB6A40000DBB347 /* About.png in Resources */ = {isa = PBXBuildFile; fileRef = E9BD63D31CB6A40000DBB347 /* About.png */; };
		E9BD63EC1CB6A40000DBB347 /* About@2x.png in Resources */ = {isa = PBXBuildFile; fileRef = E9BD63D41CB6A40000DBB347 /* About@2x.png */; };
		E9BD63ED1CB6A40000DBB347 /* FoodDrink.png in Resources */ = {isa = PBXBuildFile; fileRef = E9BD63D51CB6A40000DBB347 /* FoodDrink.png */; };
		E9BD63EE1CB6A40000DBB347 /* FoodDrink@2x.png in Resources */ = {isa = PBXBuildFile; fileRef = E9BD63D61CB6A40000DBB347 /* FoodDrink@2x.png */; };
		E9BD63EF1CB6A40000DBB347 /* Maps.png in Resources */ = {isa = PBXBuildFile; fileRef = E9BD63D71CB6A40000DBB347 /* Maps.png */; };
		E9BD63F01CB6A40000DBB347 /* Maps@2x.png in Resources */ = {isa = PBXBuildFile; fileRef = E9BD63D81CB6A40000DBB347 /* Maps@2x.png */; };
		E9BD63F11CB6A40000DBB347 /* Plan.png in Resources */ = {isa = PBXBuildFile; fileRef = E9BD63D91CB6A40000DBB347 /* Plan.png */; };
		E9BD63F21CB6A40000DBB347 /* Plan@2x.png in Resources */ = {isa = PBXBuildFile; fileRef = E9BD63DA1CB6A40000DBB347 /* Plan@2x.png */; };
		E9BD63F31CB6A40000DBB347 /* Play.png in Resources */ = {isa = PBXBuildFile; fileRef = E9BD63DB1CB6A40000DBB347 /* Play.png */; };
		E9BD63F41CB6A40000DBB347 /* Play@2x.png in Resources */ = {isa = PBXBuildFile; fileRef = E9BD63DC1CB6A40000DBB347 /* Play@2x.png */; };
		E9BD63F51CB6A40000DBB347 /* Program.png in Resources */ = {isa = PBXBuildFile; fileRef = E9BD63DD1CB6A40000DBB347 /* Program.png */; };
		E9BD63F61CB6A40000DBB347 /* Program@2x.png in Resources */ = {isa = PBXBuildFile; fileRef = E9BD63DE1CB6A40000DBB347 /* Program@2x.png */; };
		E9BD63F71CB6A40000DBB347 /* Rides.png in Resources */ = {isa = PBXBuildFile; fileRef = E9BD63DF1CB6A40000DBB347 /* Rides.png */; };
		E9BD63F81CB6A40000DBB347 /* Rides@2x.png in Resources */ = {isa = PBXBuildFile; fileRef = E9BD63E01CB6A40000DBB347 /* Rides@2x.png */; };
		E9BD63F91CB6A40000DBB347 /* Search.png in Resources */ = {isa = PBXBuildFile; fileRef = E9BD63E11CB6A40000DBB347 /* Search.png */; };
		E9BD63FA1CB6A40000DBB347 /* Search@2x.png in Resources */ = {isa = PBXBuildFile; fileRef = E9BD63E21CB6A40000DBB347 /* Search@2x.png */; };
		E9BD63FB1CB6A40000DBB347 /* Shopping.png in Resources */ = {isa = PBXBuildFile; fileRef = E9BD63E31CB6A40000DBB347 /* Shopping.png */; };
		E9BD63FC1CB6A40000DBB347 /* Shopping@2x.png in Resources */ = {isa = PBXBuildFile; fileRef = E9BD63E41CB6A40000DBB347 /* Shopping@2x.png */; };
		E9BD63FD1CB6A40000DBB347 /* Showbags.png in Resources */ = {isa = PBXBuildFile; fileRef = E9BD63E51CB6A40000DBB347 /* Showbags.png */; };
		E9BD63FE1CB6A40000DBB347 /* Showbags@2x.png in Resources */ = {isa = PBXBuildFile; fileRef = E9BD63E61CB6A40000DBB347 /* Showbags@2x.png */; };
		E9BD63FF1CB6A40000DBB347 /* Shows.png in Resources */ = {isa = PBXBuildFile; fileRef = E9BD63E71CB6A40000DBB347 /* Shows.png */; };
		E9BD64001CB6A40000DBB347 /* Shows@2x.png in Resources */ = {isa = PBXBuildFile; fileRef = E9BD63E81CB6A40000DBB347 /* Shows@2x.png */; };
		E9BD64011CB6A40000DBB347 /* Tickets.png in Resources */ = {isa = PBXBuildFile; fileRef = E9BD63E91CB6A40000DBB347 /* Tickets.png */; };
		E9BD64021CB6A40000DBB347 /* Tickets@2x.png in Resources */ = {isa = PBXBuildFile; fileRef = E9BD63EA1CB6A40000DBB347 /* Tickets@2x.png */; };
		E9BD64051CB6A41E00DBB347 /* menubutton@2x.png in Resources */ = {isa = PBXBuildFile; fileRef = E9BD64031CB6A41E00DBB347 /* menubutton@2x.png */; };
		E9BD64061CB6A41E00DBB347 /* menubutton.png in Resources */ = {isa = PBXBuildFile; fileRef = E9BD64041CB6A41E00DBB347 /* menubutton.png */; };
		E9BD640A1CB6A44100DBB347 /* ferriswheel.mp3 in Resources */ = {isa = PBXBuildFile; fileRef = E9BD64091CB6A44100DBB347 /* ferriswheel.mp3 */; };
		E9BD640D1CB6A46E00DBB347 /* wheel.png in Resources */ = {isa = PBXBuildFile; fileRef = E9BD640B1CB6A46E00DBB347 /* wheel.png */; };
		E9BD640E1CB6A46E00DBB347 /* wheel@2x.png in Resources */ = {isa = PBXBuildFile; fileRef = E9BD640C1CB6A46E00DBB347 /* wheel@2x.png */; };
		E9BD64101CB6B4EB00DBB347 /* FerrisWheel.swift in Sources */ = {isa = PBXBuildFile; fileRef = E9BD640F1CB6B4EB00DBB347 /* FerrisWheel.swift */; };
		E9FB81DC1CB953C400445770 /* Ferris_WheelTests.swift in Sources */ = {isa = PBXBuildFile; fileRef = E9FB81DB1CB953C400445770 /* Ferris_WheelTests.swift */; };
		E9FB82881CBA907E00445770 /* Double+Radian.swift in Sources */ = {isa = PBXBuildFile; fileRef = E9FB82871CBA907E00445770 /* Double+Radian.swift */; };
		E9FB828B1CBA92F400445770 /* HelperMethods.swift in Sources */ = {isa = PBXBuildFile; fileRef = E9FB828A1CBA92F400445770 /* HelperMethods.swift */; };
		E9FB82971CBB557300445770 /* ShowInformationView.swift in Sources */ = {isa = PBXBuildFile; fileRef = E9FB82961CBB557300445770 /* ShowInformationView.swift */; };
/* End PBXBuildFile section */

/* Begin PBXContainerItemProxy section */
		E9FB81DE1CB953C400445770 /* PBXContainerItemProxy */ = {
			isa = PBXContainerItemProxy;
			containerPortal = E92A88B91CB60B97003BB46A /* Project object */;
			proxyType = 1;
			remoteGlobalIDString = E92A88C01CB60B97003BB46A;
			remoteInfo = "Ferris Wheel";
		};
/* End PBXContainerItemProxy section */

/* Begin PBXFileReference section */
		E92A88C11CB60B98003BB46A /* Ferris Wheel.app */ = {isa = PBXFileReference; explicitFileType = wrapper.application; includeInIndex = 0; path = "Ferris Wheel.app"; sourceTree = BUILT_PRODUCTS_DIR; };
		E92A88C41CB60B98003BB46A /* AppDelegate.swift */ = {isa = PBXFileReference; lastKnownFileType = sourcecode.swift; path = AppDelegate.swift; sourceTree = "<group>"; };
		E92A88C61CB60B98003BB46A /* ViewController.swift */ = {isa = PBXFileReference; lastKnownFileType = sourcecode.swift; path = ViewController.swift; sourceTree = "<group>"; };
		E92A88C91CB60B98003BB46A /* Base */ = {isa = PBXFileReference; lastKnownFileType = file.storyboard; name = Base; path = Base.lproj/Main.storyboard; sourceTree = "<group>"; };
		E92A88CB1CB60B98003BB46A /* Assets.xcassets */ = {isa = PBXFileReference; lastKnownFileType = folder.assetcatalog; path = Assets.xcassets; sourceTree = "<group>"; };
		E92A88CE1CB60B98003BB46A /* Base */ = {isa = PBXFileReference; lastKnownFileType = file.storyboard; name = Base; path = Base.lproj/LaunchScreen.storyboard; sourceTree = "<group>"; };
		E92A88D01CB60B98003BB46A /* Info.plist */ = {isa = PBXFileReference; lastKnownFileType = text.plist.xml; path = Info.plist; sourceTree = "<group>"; };
		E92A88DA1CB68723003BB46A /* Carriage.swift */ = {isa = PBXFileReference; fileEncoding = 4; lastKnownFileType = sourcecode.swift; path = Carriage.swift; sourceTree = "<group>"; };
		E94E24C81CBBED91004E0B39 /* Default-Portrait.png */ = {isa = PBXFileReference; lastKnownFileType = image.png; path = "Default-Portrait.png"; sourceTree = "<group>"; };
		E94E24C91CBBED91004E0B39 /* Default-Portrait@2x.png */ = {isa = PBXFileReference; lastKnownFileType = image.png; path = "Default-Portrait@2x.png"; sourceTree = "<group>"; };
		E9BD63D31CB6A40000DBB347 /* About.png */ = {isa = PBXFileReference; lastKnownFileType = image.png; path = About.png; sourceTree = "<group>"; };
		E9BD63D41CB6A40000DBB347 /* About@2x.png */ = {isa = PBXFileReference; lastKnownFileType = image.png; path = "About@2x.png"; sourceTree = "<group>"; };
		E9BD63D51CB6A40000DBB347 /* FoodDrink.png */ = {isa = PBXFileReference; lastKnownFileType = image.png; path = FoodDrink.png; sourceTree = "<group>"; };
		E9BD63D61CB6A40000DBB347 /* FoodDrink@2x.png */ = {isa = PBXFileReference; lastKnownFileType = image.png; path = "FoodDrink@2x.png"; sourceTree = "<group>"; };
		E9BD63D71CB6A40000DBB347 /* Maps.png */ = {isa = PBXFileReference; lastKnownFileType = image.png; path = Maps.png; sourceTree = "<group>"; };
		E9BD63D81CB6A40000DBB347 /* Maps@2x.png */ = {isa = PBXFileReference; lastKnownFileType = image.png; path = "Maps@2x.png"; sourceTree = "<group>"; };
		E9BD63D91CB6A40000DBB347 /* Plan.png */ = {isa = PBXFileReference; lastKnownFileType = image.png; path = Plan.png; sourceTree = "<group>"; };
		E9BD63DA1CB6A40000DBB347 /* Plan@2x.png */ = {isa = PBXFileReference; lastKnownFileType = image.png; path = "Plan@2x.png"; sourceTree = "<group>"; };
		E9BD63DB1CB6A40000DBB347 /* Play.png */ = {isa = PBXFileReference; lastKnownFileType = image.png; path = Play.png; sourceTree = "<group>"; };
		E9BD63DC1CB6A40000DBB347 /* Play@2x.png */ = {isa = PBXFileReference; lastKnownFileType = image.png; path = "Play@2x.png"; sourceTree = "<group>"; };
		E9BD63DD1CB6A40000DBB347 /* Program.png */ = {isa = PBXFileReference; lastKnownFileType = image.png; path = Program.png; sourceTree = "<group>"; };
		E9BD63DE1CB6A40000DBB347 /* Program@2x.png */ = {isa = PBXFileReference; lastKnownFileType = image.png; path = "Program@2x.png"; sourceTree = "<group>"; };
		E9BD63DF1CB6A40000DBB347 /* Rides.png */ = {isa = PBXFileReference; lastKnownFileType = image.png; path = Rides.png; sourceTree = "<group>"; };
		E9BD63E01CB6A40000DBB347 /* Rides@2x.png */ = {isa = PBXFileReference; lastKnownFileType = image.png; path = "Rides@2x.png"; sourceTree = "<group>"; };
		E9BD63E11CB6A40000DBB347 /* Search.png */ = {isa = PBXFileReference; lastKnownFileType = image.png; path = Search.png; sourceTree = "<group>"; };
		E9BD63E21CB6A40000DBB347 /* Search@2x.png */ = {isa = PBXFileReference; lastKnownFileType = image.png; path = "Search@2x.png"; sourceTree = "<group>"; };
		E9BD63E31CB6A40000DBB347 /* Shopping.png */ = {isa = PBXFileReference; lastKnownFileType = image.png; path = Shopping.png; sourceTree = "<group>"; };
		E9BD63E41CB6A40000DBB347 /* Shopping@2x.png */ = {isa = PBXFileReference; lastKnownFileType = image.png; path = "Shopping@2x.png"; sourceTree = "<group>"; };
		E9BD63E51CB6A40000DBB347 /* Showbags.png */ = {isa = PBXFileReference; lastKnownFileType = image.png; path = Showbags.png; sourceTree = "<group>"; };
		E9BD63E61CB6A40000DBB347 /* Showbags@2x.png */ = {isa = PBXFileReference; lastKnownFileType = image.png; path = "Showbags@2x.png"; sourceTree = "<group>"; };
		E9BD63E71CB6A40000DBB347 /* Shows.png */ = {isa = PBXFileReference; lastKnownFileType = image.png; path = Shows.png; sourceTree = "<group>"; };
		E9BD63E81CB6A40000DBB347 /* Shows@2x.png */ = {isa = PBXFileReference; lastKnownFileType = image.png; path = "Shows@2x.png"; sourceTree = "<group>"; };
		E9BD63E91CB6A40000DBB347 /* Tickets.png */ = {isa = PBXFileReference; lastKnownFileType = image.png; path = Tickets.png; sourceTree = "<group>"; };
		E9BD63EA1CB6A40000DBB347 /* Tickets@2x.png */ = {isa = PBXFileReference; lastKnownFileType = image.png; path = "Tickets@2x.png"; sourceTree = "<group>"; };
		E9BD64031CB6A41E00DBB347 /* menubutton@2x.png */ = {isa = PBXFileReference; lastKnownFileType = image.png; path = "menubutton@2x.png"; sourceTree = "<group>"; };
		E9BD64041CB6A41E00DBB347 /* menubutton.png */ = {isa = PBXFileReference; lastKnownFileType = image.png; path = menubutton.png; sourceTree = "<group>"; };
		E9BD64091CB6A44100DBB347 /* ferriswheel.mp3 */ = {isa = PBXFileReference; lastKnownFileType = audio.mp3; path = ferriswheel.mp3; sourceTree = "<group>"; };
		E9BD640B1CB6A46E00DBB347 /* wheel.png */ = {isa = PBXFileReference; lastKnownFileType = image.png; path = wheel.png; sourceTree = "<group>"; };
		E9BD640C1CB6A46E00DBB347 /* wheel@2x.png */ = {isa = PBXFileReference; lastKnownFileType = image.png; path = "wheel@2x.png"; sourceTree = "<group>"; };
		E9BD640F1CB6B4EB00DBB347 /* FerrisWheel.swift */ = {isa = PBXFileReference; fileEncoding = 4; lastKnownFileType = sourcecode.swift; path = FerrisWheel.swift; sourceTree = "<group>"; };
		E9FB81D91CB953C400445770 /* Ferris WheelTests.xctest */ = {isa = PBXFileReference; explicitFileType = wrapper.cfbundle; includeInIndex = 0; path = "Ferris WheelTests.xctest"; sourceTree = BUILT_PRODUCTS_DIR; };
		E9FB81DB1CB953C400445770 /* Ferris_WheelTests.swift */ = {isa = PBXFileReference; lastKnownFileType = sourcecode.swift; path = Ferris_WheelTests.swift; sourceTree = "<group>"; };
		E9FB81DD1CB953C400445770 /* Info.plist */ = {isa = PBXFileReference; lastKnownFileType = text.plist.xml; path = Info.plist; sourceTree = "<group>"; };
		E9FB82871CBA907E00445770 /* Double+Radian.swift */ = {isa = PBXFileReference; fileEncoding = 4; lastKnownFileType = sourcecode.swift; path = "Double+Radian.swift"; sourceTree = "<group>"; };
		E9FB828A1CBA92F400445770 /* HelperMethods.swift */ = {isa = PBXFileReference; fileEncoding = 4; lastKnownFileType = sourcecode.swift; path = HelperMethods.swift; sourceTree = "<group>"; };
		E9FB82961CBB557300445770 /* ShowInformationView.swift */ = {isa = PBXFileReference; fileEncoding = 4; lastKnownFileType = sourcecode.swift; path = ShowInformationView.swift; sourceTree = "<group>"; };
/* End PBXFileReference section */

/* Begin PBXFrameworksBuildPhase section */
		E92A88BE1CB60B97003BB46A /* Frameworks */ = {
			isa = PBXFrameworksBuildPhase;
			buildActionMask = 2147483647;
			files = (
			);
			runOnlyForDeploymentPostprocessing = 0;
		};
		E9FB81D61CB953C400445770 /* Frameworks */ = {
			isa = PBXFrameworksBuildPhase;
			buildActionMask = 2147483647;
			files = (
			);
			runOnlyForDeploymentPostprocessing = 0;
		};
/* End PBXFrameworksBuildPhase section */

/* Begin PBXGroup section */
		E92A88B81CB60B97003BB46A = {
			isa = PBXGroup;
			children = (
				E92A88C31CB60B98003BB46A /* Ferris Wheel */,
				E9FB81DA1CB953C400445770 /* Ferris WheelTests */,
				E92A88C21CB60B98003BB46A /* Products */,
			);
			sourceTree = "<group>";
		};
		E92A88C21CB60B98003BB46A /* Products */ = {
			isa = PBXGroup;
			children = (
				E92A88C11CB60B98003BB46A /* Ferris Wheel.app */,
				E9FB81D91CB953C400445770 /* Ferris WheelTests.xctest */,
			);
			name = Products;
			sourceTree = "<group>";
		};
		E92A88C31CB60B98003BB46A /* Ferris Wheel */ = {
			isa = PBXGroup;
			children = (
				E9FB82891CBA928000445770 /* Helper Methods */,
				E9BD64071CB6A42900DBB347 /* Media */,
				E92A88C41CB60B98003BB46A /* AppDelegate.swift */,
				E92A88C61CB60B98003BB46A /* ViewController.swift */,
				E9BD640F1CB6B4EB00DBB347 /* FerrisWheel.swift */,
				E92A88DA1CB68723003BB46A /* Carriage.swift */,
				E9FB82961CBB557300445770 /* ShowInformationView.swift */,
				E92A88C81CB60B98003BB46A /* Main.storyboard */,
				E92A88CB1CB60B98003BB46A /* Assets.xcassets */,
				E92A88CD1CB60B98003BB46A /* LaunchScreen.storyboard */,
				E92A88D01CB60B98003BB46A /* Info.plist */,
			);
			path = "Ferris Wheel";
			sourceTree = "<group>";
		};
		E94E24C01CBBED7F004E0B39 /* Launch Screen */ = {
			isa = PBXGroup;
			children = (
				E94E24C81CBBED91004E0B39 /* Default-Portrait.png */,
				E94E24C91CBBED91004E0B39 /* Default-Portrait@2x.png */,
			);
			name = "Launch Screen";
			sourceTree = "<group>";
		};
		E9BD63D11CB6A39C00DBB347 /* Images */ = {
			isa = PBXGroup;
			children = (
				E94E24C01CBBED7F004E0B39 /* Launch Screen */,
				E9BD640B1CB6A46E00DBB347 /* wheel.png */,
				E9BD640C1CB6A46E00DBB347 /* wheel@2x.png */,
				E9BD64031CB6A41E00DBB347 /* menubutton@2x.png */,
				E9BD64041CB6A41E00DBB347 /* menubutton.png */,
				E9BD63D21CB6A3AD00DBB347 /* CarriageImages */,
			);
			name = Images;
			sourceTree = "<group>";
		};
		E9BD63D21CB6A3AD00DBB347 /* CarriageImages */ = {
			isa = PBXGroup;
			children = (
				E9BD63D31CB6A40000DBB347 /* About.png */,
				E9BD63D41CB6A40000DBB347 /* About@2x.png */,
				E9BD63D51CB6A40000DBB347 /* FoodDrink.png */,
				E9BD63D61CB6A40000DBB347 /* FoodDrink@2x.png */,
				E9BD63D71CB6A40000DBB347 /* Maps.png */,
				E9BD63D81CB6A40000DBB347 /* Maps@2x.png */,
				E9BD63D91CB6A40000DBB347 /* Plan.png */,
				E9BD63DA1CB6A40000DBB347 /* Plan@2x.png */,
				E9BD63DB1CB6A40000DBB347 /* Play.png */,
				E9BD63DC1CB6A40000DBB347 /* Play@2x.png */,
				E9BD63DD1CB6A40000DBB347 /* Program.png */,
				E9BD63DE1CB6A40000DBB347 /* Program@2x.png */,
				E9BD63DF1CB6A40000DBB347 /* Rides.png */,
				E9BD63E01CB6A40000DBB347 /* Rides@2x.png */,
				E9BD63E11CB6A40000DBB347 /* Search.png */,
				E9BD63E21CB6A40000DBB347 /* Search@2x.png */,
				E9BD63E31CB6A40000DBB347 /* Shopping.png */,
				E9BD63E41CB6A40000DBB347 /* Shopping@2x.png */,
				E9BD63E51CB6A40000DBB347 /* Showbags.png */,
				E9BD63E61CB6A40000DBB347 /* Showbags@2x.png */,
				E9BD63E71CB6A40000DBB347 /* Shows.png */,
				E9BD63E81CB6A40000DBB347 /* Shows@2x.png */,
				E9BD63E91CB6A40000DBB347 /* Tickets.png */,
				E9BD63EA1CB6A40000DBB347 /* Tickets@2x.png */,
			);
			name = CarriageImages;
			sourceTree = "<group>";
		};
		E9BD64071CB6A42900DBB347 /* Media */ = {
			isa = PBXGroup;
			children = (
				E9BD64081CB6A43600DBB347 /* Audio */,
				E9BD63D11CB6A39C00DBB347 /* Images */,
			);
			name = Media;
			sourceTree = "<group>";
		};
		E9BD64081CB6A43600DBB347 /* Audio */ = {
			isa = PBXGroup;
			children = (
				E9BD64091CB6A44100DBB347 /* ferriswheel.mp3 */,
			);
			name = Audio;
			sourceTree = "<group>";
		};
		E9FB81DA1CB953C400445770 /* Ferris WheelTests */ = {
			isa = PBXGroup;
			children = (
				E9FB81DB1CB953C400445770 /* Ferris_WheelTests.swift */,
				E9FB81DD1CB953C400445770 /* Info.plist */,
			);
			path = "Ferris WheelTests";
			sourceTree = "<group>";
		};
		E9FB82891CBA928000445770 /* Helper Methods */ = {
			isa = PBXGroup;
			children = (
				E9FB82871CBA907E00445770 /* Double+Radian.swift */,
				E9FB828A1CBA92F400445770 /* HelperMethods.swift */,
			);
			name = "Helper Methods";
			sourceTree = "<group>";
		};
/* End PBXGroup section */

/* Begin PBXNativeTarget section */
		E92A88C01CB60B97003BB46A /* Ferris Wheel */ = {
			isa = PBXNativeTarget;
			buildConfigurationList = E92A88D31CB60B98003BB46A /* Build configuration list for PBXNativeTarget "Ferris Wheel" */;
			buildPhases = (
				E92A88BD1CB60B97003BB46A /* Sources */,
				E92A88BE1CB60B97003BB46A /* Frameworks */,
				E92A88BF1CB60B97003BB46A /* Resources */,
			);
			buildRules = (
			);
			dependencies = (
			);
			name = "Ferris Wheel";
			productName = "Ferris Wheel";
			productReference = E92A88C11CB60B98003BB46A /* Ferris Wheel.app */;
			productType = "com.apple.product-type.application";
		};
		E9FB81D81CB953C400445770 /* Ferris WheelTests */ = {
			isa = PBXNativeTarget;
			buildConfigurationList = E9FB81E01CB953C400445770 /* Build configuration list for PBXNativeTarget "Ferris WheelTests" */;
			buildPhases = (
				E9FB81D51CB953C400445770 /* Sources */,
				E9FB81D61CB953C400445770 /* Frameworks */,
				E9FB81D71CB953C400445770 /* Resources */,
			);
			buildRules = (
			);
			dependencies = (
				E9FB81DF1CB953C400445770 /* PBXTargetDependency */,
			);
			name = "Ferris WheelTests";
			productName = "Ferris WheelTests";
			productReference = E9FB81D91CB953C400445770 /* Ferris WheelTests.xctest */;
			productType = "com.apple.product-type.bundle.unit-test";
		};
/* End PBXNativeTarget section */

/* Begin PBXProject section */
		E92A88B91CB60B97003BB46A /* Project object */ = {
			isa = PBXProject;
			attributes = {
				LastSwiftUpdateCheck = 0730;
				LastUpgradeCheck = 0730;
				ORGANIZATIONNAME = allenlinli;
				TargetAttributes = {
					E92A88C01CB60B97003BB46A = {
						CreatedOnToolsVersion = 7.3;
					};
					E9FB81D81CB953C400445770 = {
						CreatedOnToolsVersion = 7.3;
						TestTargetID = E92A88C01CB60B97003BB46A;
					};
				};
			};
			buildConfigurationList = E92A88BC1CB60B97003BB46A /* Build configuration list for PBXProject "Ferris Wheel" */;
			compatibilityVersion = "Xcode 3.2";
			developmentRegion = English;
			hasScannedForEncodings = 0;
			knownRegions = (
				en,
				Base,
			);
			mainGroup = E92A88B81CB60B97003BB46A;
			productRefGroup = E92A88C21CB60B98003BB46A /* Products */;
			projectDirPath = "";
			projectRoot = "";
			targets = (
				E92A88C01CB60B97003BB46A /* Ferris Wheel */,
				E9FB81D81CB953C400445770 /* Ferris WheelTests */,
			);
		};
/* End PBXProject section */

/* Begin PBXResourcesBuildPhase section */
		E92A88BF1CB60B97003BB46A /* Resources */ = {
			isa = PBXResourcesBuildPhase;
			buildActionMask = 2147483647;
			files = (
				E9BD63ED1CB6A40000DBB347 /* FoodDrink.png in Resources */,
				E9BD63FD1CB6A40000DBB347 /* Showbags.png in Resources */,
				E9BD63F91CB6A40000DBB347 /* Search.png in Resources */,
				E9BD63F41CB6A40000DBB347 /* Play@2x.png in Resources */,
				E9BD64001CB6A40000DBB347 /* Shows@2x.png in Resources */,
				E9BD63EE1CB6A40000DBB347 /* FoodDrink@2x.png in Resources */,
				E9BD63F71CB6A40000DBB347 /* Rides.png in Resources */,
				E9BD64051CB6A41E00DBB347 /* menubutton@2x.png in Resources */,
				E9BD63F81CB6A40000DBB347 /* Rides@2x.png in Resources */,
				E9BD63F21CB6A40000DBB347 /* Plan@2x.png in Resources */,
				E9BD63FF1CB6A40000DBB347 /* Shows.png in Resources */,
				E9BD64021CB6A40000DBB347 /* Tickets@2x.png in Resources */,
				E9BD63FB1CB6A40000DBB347 /* Shopping.png in Resources */,
				E94E24D41CBBED91004E0B39 /* Default-Portrait@2x.png in Resources */,
				E9BD63F11CB6A40000DBB347 /* Plan.png in Resources */,
				E9BD64061CB6A41E00DBB347 /* menubutton.png in Resources */,
				E92A88CF1CB60B98003BB46A /* LaunchScreen.storyboard in Resources */,
				E9BD63F51CB6A40000DBB347 /* Program.png in Resources */,
				E9BD63FE1CB6A40000DBB347 /* Showbags@2x.png in Resources */,
				E92A88CC1CB60B98003BB46A /* Assets.xcassets in Resources */,
				E9BD640D1CB6A46E00DBB347 /* wheel.png in Resources */,
				E9BD63F61CB6A40000DBB347 /* Program@2x.png in Resources */,
				E9BD63F01CB6A40000DBB347 /* Maps@2x.png in Resources */,
				E9BD640A1CB6A44100DBB347 /* ferriswheel.mp3 in Resources */,
				E9BD63FC1CB6A40000DBB347 /* Shopping@2x.png in Resources */,
				E9BD63EF1CB6A40000DBB347 /* Maps.png in Resources */,
				E92A88CA1CB60B98003BB46A /* Main.storyboard in Resources */,
				E9BD63F31CB6A40000DBB347 /* Play.png in Resources */,
				E9BD63EC1CB6A40000DBB347 /* About@2x.png in Resources */,
				E9BD63FA1CB6A40000DBB347 /* Search@2x.png in Resources */,
				E9BD63EB1CB6A40000DBB347 /* About.png in Resources */,
				E9BD640E1CB6A46E00DBB347 /* wheel@2x.png in Resources */,
				E94E24D31CBBED91004E0B39 /* Default-Portrait.png in Resources */,
				E9BD64011CB6A40000DBB347 /* Tickets.png in Resources */,
			);
			runOnlyForDeploymentPostprocessing = 0;
		};
		E9FB81D71CB953C400445770 /* Resources */ = {
			isa = PBXResourcesBuildPhase;
			buildActionMask = 2147483647;
			files = (
			);
			runOnlyForDeploymentPostprocessing = 0;
		};
/* End PBXResourcesBuildPhase section */

/* Begin PBXSourcesBuildPhase section */
		E92A88BD1CB60B97003BB46A /* Sources */ = {
			isa = PBXSourcesBuildPhase;
			buildActionMask = 2147483647;
			files = (
				E9BD64101CB6B4EB00DBB347 /* FerrisWheel.swift in Sources */,
				E9FB82881CBA907E00445770 /* Double+Radian.swift in Sources */,
				E9FB828B1CBA92F400445770 /* HelperMethods.swift in Sources */,
				E92A88C71CB60B98003BB46A /* ViewController.swift in Sources */,
				E92A88C51CB60B98003BB46A /* AppDelegate.swift in Sources */,
				E9FB82971CBB557300445770 /* ShowInformationView.swift in Sources */,
				E92A88DB1CB68723003BB46A /* Carriage.swift in Sources */,
			);
			runOnlyForDeploymentPostprocessing = 0;
		};
		E9FB81D51CB953C400445770 /* Sources */ = {
			isa = PBXSourcesBuildPhase;
			buildActionMask = 2147483647;
			files = (
				E9FB81DC1CB953C400445770 /* Ferris_WheelTests.swift in Sources */,
			);
			runOnlyForDeploymentPostprocessing = 0;
		};
/* End PBXSourcesBuildPhase section */

/* Begin PBXTargetDependency section */
		E9FB81DF1CB953C400445770 /* PBXTargetDependency */ = {
			isa = PBXTargetDependency;
			target = E92A88C01CB60B97003BB46A /* Ferris Wheel */;
			targetProxy = E9FB81DE1CB953C400445770 /* PBXContainerItemProxy */;
		};
/* End PBXTargetDependency section */

/* Begin PBXVariantGroup section */
		E92A88C81CB60B98003BB46A /* Main.storyboard */ = {
			isa = PBXVariantGroup;
			children = (
				E92A88C91CB60B98003BB46A /* Base */,
			);
			name = Main.storyboard;
			sourceTree = "<group>";
		};
		E92A88CD1CB60B98003BB46A /* LaunchScreen.storyboard */ = {
			isa = PBXVariantGroup;
			children = (
				E92A88CE1CB60B98003BB46A /* Base */,
			);
			name = LaunchScreen.storyboard;
			sourceTree = "<group>";
		};
/* End PBXVariantGroup section */

/* Begin XCBuildConfiguration section */
		E92A88D11CB60B98003BB46A /* Debug */ = {
			isa = XCBuildConfiguration;
			buildSettings = {
				ALWAYS_SEARCH_USER_PATHS = NO;
				CLANG_ANALYZER_NONNULL = YES;
				CLANG_CXX_LANGUAGE_STANDARD = "gnu++0x";
				CLANG_CXX_LIBRARY = "libc++";
				CLANG_ENABLE_MODULES = YES;
				CLANG_ENABLE_OBJC_ARC = YES;
				CLANG_WARN_BOOL_CONVERSION = YES;
				CLANG_WARN_CONSTANT_CONVERSION = YES;
				CLANG_WARN_DIRECT_OBJC_ISA_USAGE = YES_ERROR;
				CLANG_WARN_EMPTY_BODY = YES;
				CLANG_WARN_ENUM_CONVERSION = YES;
				CLANG_WARN_INT_CONVERSION = YES;
				CLANG_WARN_OBJC_ROOT_CLASS = YES_ERROR;
				CLANG_WARN_UNREACHABLE_CODE = YES;
				CLANG_WARN__DUPLICATE_METHOD_MATCH = YES;
				"CODE_SIGN_IDENTITY[sdk=iphoneos*]" = "iPhone Developer";
				COPY_PHASE_STRIP = NO;
				DEBUG_INFORMATION_FORMAT = dwarf;
				ENABLE_STRICT_OBJC_MSGSEND = YES;
				ENABLE_TESTABILITY = YES;
				GCC_C_LANGUAGE_STANDARD = gnu99;
				GCC_DYNAMIC_NO_PIC = NO;
				GCC_NO_COMMON_BLOCKS = YES;
				GCC_OPTIMIZATION_LEVEL = 0;
				GCC_PREPROCESSOR_DEFINITIONS = (
					"DEBUG=1",
					"$(inherited)",
				);
				GCC_WARN_64_TO_32_BIT_CONVERSION = YES;
				GCC_WARN_ABOUT_RETURN_TYPE = YES_ERROR;
				GCC_WARN_UNDECLARED_SELECTOR = YES;
				GCC_WARN_UNINITIALIZED_AUTOS = YES_AGGRESSIVE;
				GCC_WARN_UNUSED_FUNCTION = YES;
				GCC_WARN_UNUSED_VARIABLE = YES;
				IPHONEOS_DEPLOYMENT_TARGET = 9.3;
				MTL_ENABLE_DEBUG_INFO = YES;
				ONLY_ACTIVE_ARCH = YES;
				SDKROOT = iphoneos;
				SWIFT_OPTIMIZATION_LEVEL = "-Onone";
			};
			name = Debug;
		};
		E92A88D21CB60B98003BB46A /* Release */ = {
			isa = XCBuildConfiguration;
			buildSettings = {
				ALWAYS_SEARCH_USER_PATHS = NO;
				CLANG_ANALYZER_NONNULL = YES;
				CLANG_CXX_LANGUAGE_STANDARD = "gnu++0x";
				CLANG_CXX_LIBRARY = "libc++";
				CLANG_ENABLE_MODULES = YES;
				CLANG_ENABLE_OBJC_ARC = YES;
				CLANG_WARN_BOOL_CONVERSION = YES;
				CLANG_WARN_CONSTANT_CONVERSION = YES;
				CLANG_WARN_DIRECT_OBJC_ISA_USAGE = YES_ERROR;
				CLANG_WARN_EMPTY_BODY = YES;
				CLANG_WARN_ENUM_CONVERSION = YES;
				CLANG_WARN_INT_CONVERSION = YES;
				CLANG_WARN_OBJC_ROOT_CLASS = YES_ERROR;
				CLANG_WARN_UNREACHABLE_CODE = YES;
				CLANG_WARN__DUPLICATE_METHOD_MATCH = YES;
				"CODE_SIGN_IDENTITY[sdk=iphoneos*]" = "iPhone Developer";
				COPY_PHASE_STRIP = NO;
				DEBUG_INFORMATION_FORMAT = "dwarf-with-dsym";
				ENABLE_NS_ASSERTIONS = NO;
				ENABLE_STRICT_OBJC_MSGSEND = YES;
				GCC_C_LANGUAGE_STANDARD = gnu99;
				GCC_NO_COMMON_BLOCKS = YES;
				GCC_WARN_64_TO_32_BIT_CONVERSION = YES;
				GCC_WARN_ABOUT_RETURN_TYPE = YES_ERROR;
				GCC_WARN_UNDECLARED_SELECTOR = YES;
				GCC_WARN_UNINITIALIZED_AUTOS = YES_AGGRESSIVE;
				GCC_WARN_UNUSED_FUNCTION = YES;
				GCC_WARN_UNUSED_VARIABLE = YES;
				IPHONEOS_DEPLOYMENT_TARGET = 9.3;
				MTL_ENABLE_DEBUG_INFO = NO;
				SDKROOT = iphoneos;
				VALIDATE_PRODUCT = YES;
			};
			name = Release;
		};
		E92A88D41CB60B98003BB46A /* Debug */ = {
			isa = XCBuildConfiguration;
			buildSettings = {
				ASSETCATALOG_COMPILER_APPICON_NAME = AppIcon;
				INFOPLIST_FILE = "Ferris Wheel/Info.plist";
				LD_RUNPATH_SEARCH_PATHS = "$(inherited) @executable_path/Frameworks";
				PRODUCT_BUNDLE_IDENTIFIER = "allenlinli.Ferris-Wheel";
				PRODUCT_NAME = "$(TARGET_NAME)";
				TARGETED_DEVICE_FAMILY = 1;
			};
			name = Debug;
		};
		E92A88D51CB60B98003BB46A /* Release */ = {
			isa = XCBuildConfiguration;
			buildSettings = {
				ASSETCATALOG_COMPILER_APPICON_NAME = AppIcon;
				INFOPLIST_FILE = "Ferris Wheel/Info.plist";
				LD_RUNPATH_SEARCH_PATHS = "$(inherited) @executable_path/Frameworks";
				PRODUCT_BUNDLE_IDENTIFIER = "allenlinli.Ferris-Wheel";
				PRODUCT_NAME = "$(TARGET_NAME)";
				TARGETED_DEVICE_FAMILY = 1;
			};
			name = Release;
		};
		E9FB81E11CB953C400445770 /* Debug */ = {
			isa = XCBuildConfiguration;
			buildSettings = {
				BUNDLE_LOADER = "$(TEST_HOST)";
				INFOPLIST_FILE = "Ferris WheelTests/Info.plist";
				LD_RUNPATH_SEARCH_PATHS = "$(inherited) @executable_path/Frameworks @loader_path/Frameworks";
				PRODUCT_BUNDLE_IDENTIFIER = "allenlinli.Ferris-WheelTests";
				PRODUCT_NAME = "$(TARGET_NAME)";
				TEST_HOST = "$(BUILT_PRODUCTS_DIR)/Ferris Wheel.app/Ferris Wheel";
			};
			name = Debug;
		};
		E9FB81E21CB953C400445770 /* Release */ = {
			isa = XCBuildConfiguration;
			buildSettings = {
				BUNDLE_LOADER = "$(TEST_HOST)";
				INFOPLIST_FILE = "Ferris WheelTests/Info.plist";
				LD_RUNPATH_SEARCH_PATHS = "$(inherited) @executable_path/Frameworks @loader_path/Frameworks";
				PRODUCT_BUNDLE_IDENTIFIER = "allenlinli.Ferris-WheelTests";
				PRODUCT_NAME = "$(TARGET_NAME)";
				TEST_HOST = "$(BUILT_PRODUCTS_DIR)/Ferris Wheel.app/Ferris Wheel";
			};
			name = Release;
		};
/* End XCBuildConfiguration section */

/* Begin XCConfigurationList section */
		E92A88BC1CB60B97003BB46A /* Build configuration list for PBXProject "Ferris Wheel" */ = {
			isa = XCConfigurationList;
			buildConfigurations = (
				E92A88D11CB60B98003BB46A /* Debug */,
				E92A88D21CB60B98003BB46A /* Release */,
			);
			defaultConfigurationIsVisible = 0;
			defaultConfigurationName = Release;
		};
		E92A88D31CB60B98003BB46A /* Build configuration list for PBXNativeTarget "Ferris Wheel" */ = {
			isa = XCConfigurationList;
			buildConfigurations = (
				E92A88D41CB60B98003BB46A /* Debug */,
				E92A88D51CB60B98003BB46A /* Release */,
			);
			defaultConfigurationIsVisible = 0;
			defaultConfigurationName = Release;
		};
		E9FB81E01CB953C400445770 /* Build configuration list for PBXNativeTarget "Ferris WheelTests" */ = {
			isa = XCConfigurationList;
			buildConfigurations = (
				E9FB81E11CB953C400445770 /* Debug */,
				E9FB81E21CB953C400445770 /* Release */,
			);
			defaultConfigurationIsVisible = 0;
			defaultConfigurationName = Release;
		};
/* End XCConfigurationList section */
	};
	rootObject = E92A88B91CB60B97003BB46A /* Project object */;
}
